
Microsoft Visual Studio Solution File, Format Version 12.00
# Visual Studio 15
VisualStudioVersion = 15.0.28307.271
MinimumVisualStudioVersion = 10.0.40219.1
Project("{9A19103F-16F7-4668-BE54-9A1E7A4F7556}") = "MyWebApi", "MyWebApi\MyWebApi.csproj", "{F2E5E50E-903D-4064-AC5F-A84B515441F9}"
EndProject
Project("{9A19103F-16F7-4668-BE54-9A1E7A4F7556}") = "MyWebApi.Business", "MyWebApi.Business\MyWebApi.Business.csproj", "{CE209200-DEC5-43A5-8702-7811D5E50B5D}"
EndProject
Project("{9A19103F-16F7-4668-BE54-9A1E7A4F7556}") = "MyWebApi.Ioc", "MyWebApi.Ioc\MyWebApi.Ioc.csproj", "{8B652AA5-0D1B-4D36-953B-872776DDD7E2}"
EndProject
Project("{9A19103F-16F7-4668-BE54-9A1E7A4F7556}") = "MyWebApi.Data.NHibernate", "MyWebApi.Data.NHibernate\MyWebApi.Data.NHibernate.csproj", "{5A7B1356-4ED4-4D2C-AB7A-17D63275FE9C}"
EndProject
Project("{9A19103F-16F7-4668-BE54-9A1E7A4F7556}") = "MyWebApi.Interface", "MyWebApi.Interface\MyWebApi.Interface.csproj", "{08170027-6E7F-4D61-81ED-F6E7F7563DFB}"
EndProject
Project("{9A19103F-16F7-4668-BE54-9A1E7A4F7556}") = "MyWebApi.Mapping", "MyWebApi.Mapping\MyWebApi.Mapping.csproj", "{CD287A72-0577-4B83-939F-2C2286AE161F}"
EndProject
Project("{9A19103F-16F7-4668-BE54-9A1E7A4F7556}") = "MyWebApi.Infra", "MyWebApi.Infra\MyWebApi.Infra.csproj", "{FEEE548A-077D-43B6-86A9-CE678D495C08}"
EndProject
Project("{2150E333-8FDC-42A3-9474-1A3956D46DE8}") = "src", "src", "{2243FFAB-656D-43D9-AE91-281A978E7362}"
EndProject
Project("{2150E333-8FDC-42A3-9474-1A3956D46DE8}") = "tests", "tests", "{6E12F809-2E2F-4758-97E1-445C41A9BC63}"
EndProject
Project("{FAE04EC0-301F-11D3-BF4B-00C04F79EFBC}") = "MyWebApi.Business.Tests", "MyWebApi.Business.Tests\MyWebApi.Business.Tests.csproj", "{155C18D0-475A-45F8-8A90-44C5E991203E}"
EndProject
Project("{FAE04EC0-301F-11D3-BF4B-00C04F79EFBC}") = "MyWebApi.Tests.Base", "MyWebApi.Tests.Base\MyWebApi.Tests.Base.csproj", "{7F5EECC5-61AF-44C5-8BA4-71BE7CB22676}"
EndProject
Global
	GlobalSection(SolutionConfigurationPlatforms) = preSolution
		Debug|Any CPU = Debug|Any CPU
		Release|Any CPU = Release|Any CPU
	EndGlobalSection
	GlobalSection(ProjectConfigurationPlatforms) = postSolution
		{F2E5E50E-903D-4064-AC5F-A84B515441F9}.Debug|Any CPU.ActiveCfg = Debug|Any CPU
		{F2E5E50E-903D-4064-AC5F-A84B515441F9}.Debug|Any CPU.Build.0 = Debug|Any CPU
		{F2E5E50E-903D-4064-AC5F-A84B515441F9}.Release|Any CPU.ActiveCfg = Release|Any CPU
		{F2E5E50E-903D-4064-AC5F-A84B515441F9}.Release|Any CPU.Build.0 = Release|Any CPU
		{CE209200-DEC5-43A5-8702-7811D5E50B5D}.Debug|Any CPU.ActiveCfg = Debug|Any CPU
		{CE209200-DEC5-43A5-8702-7811D5E50B5D}.Debug|Any CPU.Build.0 = Debug|Any CPU
		{CE209200-DEC5-43A5-8702-7811D5E50B5D}.Release|Any CPU.ActiveCfg = Release|Any CPU
		{CE209200-DEC5-43A5-8702-7811D5E50B5D}.Release|Any CPU.Build.0 = Release|Any CPU
		{8B652AA5-0D1B-4D36-953B-872776DDD7E2}.Debug|Any CPU.ActiveCfg = Debug|Any CPU
		{8B652AA5-0D1B-4D36-953B-872776DDD7E2}.Debug|Any CPU.Build.0 = Debug|Any CPU
		{8B652AA5-0D1B-4D36-953B-872776DDD7E2}.Release|Any CPU.ActiveCfg = Release|Any CPU
		{8B652AA5-0D1B-4D36-953B-872776DDD7E2}.Release|Any CPU.Build.0 = Release|Any CPU
		{5A7B1356-4ED4-4D2C-AB7A-17D63275FE9C}.Debug|Any CPU.ActiveCfg = Debug|Any CPU
		{5A7B1356-4ED4-4D2C-AB7A-17D63275FE9C}.Debug|Any CPU.Build.0 = Debug|Any CPU
		{5A7B1356-4ED4-4D2C-AB7A-17D63275FE9C}.Release|Any CPU.ActiveCfg = Release|Any CPU
		{5A7B1356-4ED4-4D2C-AB7A-17D63275FE9C}.Release|Any CPU.Build.0 = Release|Any CPU
		{08170027-6E7F-4D61-81ED-F6E7F7563DFB}.Debug|Any CPU.ActiveCfg = Debug|Any CPU
		{08170027-6E7F-4D61-81ED-F6E7F7563DFB}.Debug|Any CPU.Build.0 = Debug|Any CPU
		{08170027-6E7F-4D61-81ED-F6E7F7563DFB}.Release|Any CPU.ActiveCfg = Release|Any CPU
		{08170027-6E7F-4D61-81ED-F6E7F7563DFB}.Release|Any CPU.Build.0 = Release|Any CPU
		{CD287A72-0577-4B83-939F-2C2286AE161F}.Debug|Any CPU.ActiveCfg = Debug|Any CPU
		{CD287A72-0577-4B83-939F-2C2286AE161F}.Debug|Any CPU.Build.0 = Debug|Any CPU
		{CD287A72-0577-4B83-939F-2C2286AE161F}.Release|Any CPU.ActiveCfg = Release|Any CPU
		{CD287A72-0577-4B83-939F-2C2286AE161F}.Release|Any CPU.Build.0 = Release|Any CPU
		{FEEE548A-077D-43B6-86A9-CE678D495C08}.Debug|Any CPU.ActiveCfg = Debug|Any CPU
		{FEEE548A-077D-43B6-86A9-CE678D495C08}.Debug|Any CPU.Build.0 = Debug|Any CPU
		{FEEE548A-077D-43B6-86A9-CE678D495C08}.Release|Any CPU.ActiveCfg = Release|Any CPU
		{FEEE548A-077D-43B6-86A9-CE678D495C08}.Release|Any CPU.Build.0 = Release|Any CPU
		{155C18D0-475A-45F8-8A90-44C5E991203E}.Debug|Any CPU.ActiveCfg = Debug|Any CPU
		{155C18D0-475A-45F8-8A90-44C5E991203E}.Debug|Any CPU.Build.0 = Debug|Any CPU
		{155C18D0-475A-45F8-8A90-44C5E991203E}.Release|Any CPU.ActiveCfg = Release|Any CPU
		{155C18D0-475A-45F8-8A90-44C5E991203E}.Release|Any CPU.Build.0 = Release|Any CPU
		{7F5EECC5-61AF-44C5-8BA4-71BE7CB22676}.Debug|Any CPU.ActiveCfg = Debug|Any CPU
		{7F5EECC5-61AF-44C5-8BA4-71BE7CB22676}.Debug|Any CPU.Build.0 = Debug|Any CPU
		{7F5EECC5-61AF-44C5-8BA4-71BE7CB22676}.Release|Any CPU.ActiveCfg = Release|Any CPU
		{7F5EECC5-61AF-44C5-8BA4-71BE7CB22676}.Release|Any CPU.Build.0 = Release|Any CPU
	EndGlobalSection
	GlobalSection(SolutionProperties) = preSolution
		HideSolutionNode = FALSE
	EndGlobalSection
	GlobalSection(NestedProjects) = preSolution
		{F2E5E50E-903D-4064-AC5F-A84B515441F9} = {2243FFAB-656D-43D9-AE91-281A978E7362}
		{CE209200-DEC5-43A5-8702-7811D5E50B5D} = {2243FFAB-656D-43D9-AE91-281A978E7362}
		{8B652AA5-0D1B-4D36-953B-872776DDD7E2} = {2243FFAB-656D-43D9-AE91-281A978E7362}
		{5A7B1356-4ED4-4D2C-AB7A-17D63275FE9C} = {2243FFAB-656D-43D9-AE91-281A978E7362}
		{08170027-6E7F-4D61-81ED-F6E7F7563DFB} = {2243FFAB-656D-43D9-AE91-281A978E7362}
		{CD287A72-0577-4B83-939F-2C2286AE161F} = {2243FFAB-656D-43D9-AE91-281A978E7362}
		{FEEE548A-077D-43B6-86A9-CE678D495C08} = {2243FFAB-656D-43D9-AE91-281A978E7362}
		{155C18D0-475A-45F8-8A90-44C5E991203E} = {6E12F809-2E2F-4758-97E1-445C41A9BC63}
		{7F5EECC5-61AF-44C5-8BA4-71BE7CB22676} = {6E12F809-2E2F-4758-97E1-445C41A9BC63}
	EndGlobalSection
	GlobalSection(ExtensibilityGlobals) = postSolution
		SolutionGuid = {F5A10FE1-AE75-4226-9380-89BB64461F7D}
	EndGlobalSection
EndGlobal
